
Microsoft Visual Studio Solution File, Format Version 12.00
Project("{FAE04EC0-301F-11D3-BF4B-00C04F79EFBC}") = "DN1", "DN1\DN1.csproj", "{46E80CBB-8E80-4180-B523-6B75754246D3}"
EndProject
Project("{FAE04EC0-301F-11D3-BF4B-00C04F79EFBC}") = "DN2", "DN2\DN2.csproj", "{61EDAB5C-A0F2-42DE-89D6-5122E008FD7A}"
EndProject
Project("{FAE04EC0-301F-11D3-BF4B-00C04F79EFBC}") = "DN3", "DN3\DN3.csproj", "{453E670D-6D5D-4599-98A8-642A1F7744DF}"
EndProject
Project("{FAE04EC0-301F-11D3-BF4B-00C04F79EFBC}") = "DN4", "DN4\DN4.csproj", "{A8924F92-90A4-453D-A161-BE3BC21C44B6}"
EndProject
Project("{FAE04EC0-301F-11D3-BF4B-00C04F79EFBC}") = "DN5", "DN5\DN5.csproj", "{F242AC11-26C5-4E15-9F55-8AF82DBBD4A6}"
EndProject
Project("{FAE04EC0-301F-11D3-BF4B-00C04F79EFBC}") = "DN6", "DN6\DN6.csproj", "{3A22F4E6-90BE-4F89-B231-3D6B36EDD6D1}"
EndProject
Project("{FAE04EC0-301F-11D3-BF4B-00C04F79EFBC}") = "DN8", "DN8\DN8.csproj", "{9445B08E-66A7-4630-94DA-8AEA1CEF4E07}"
EndProject
Project("{FAE04EC0-301F-11D3-BF4B-00C04F79EFBC}") = "DN9", "DN9\DN9.csproj", "{BEBE1DE1-8808-4391-9942-210883B2DDDF}"
EndProject
Project("{FAE04EC0-301F-11D3-BF4B-00C04F79EFBC}") = "DN7", "DN7\DN7.csproj", "{57F20CFF-6B08-4CB9-AF13-6A871F14DCC0}"
EndProject
Project("{FAE04EC0-301F-11D3-BF4B-00C04F79EFBC}") = "DN8b", "DN8b\DN8b.csproj", "{40DD7E9C-FD27-4C62-9A1B-D26BF6A094D2}"
EndProject
Project("{FAE04EC0-301F-11D3-BF4B-00C04F79EFBC}") = "DN10", "DN10\DN10.csproj", "{946C07FA-C5EB-4B60-9018-56E18FC6C8EC}"
EndProject
Project("{FAE04EC0-301F-11D3-BF4B-00C04F79EFBC}") = "DN10_Blank", "DN10_Blank\DN10_Blank.csproj", "{62801B73-64ED-44C2-BCB0-B934BB3A5B17}"
EndProject
Global
	GlobalSection(SolutionConfigurationPlatforms) = preSolution
		Debug|Any CPU = Debug|Any CPU
		Release|Any CPU = Release|Any CPU
	EndGlobalSection
	GlobalSection(ProjectConfigurationPlatforms) = postSolution
		{46E80CBB-8E80-4180-B523-6B75754246D3}.Debug|Any CPU.ActiveCfg = Debug|Any CPU
		{46E80CBB-8E80-4180-B523-6B75754246D3}.Debug|Any CPU.Build.0 = Debug|Any CPU
		{46E80CBB-8E80-4180-B523-6B75754246D3}.Release|Any CPU.ActiveCfg = Release|Any CPU
		{46E80CBB-8E80-4180-B523-6B75754246D3}.Release|Any CPU.Build.0 = Release|Any CPU
		{61EDAB5C-A0F2-42DE-89D6-5122E008FD7A}.Debug|Any CPU.ActiveCfg = Debug|Any CPU
		{61EDAB5C-A0F2-42DE-89D6-5122E008FD7A}.Debug|Any CPU.Build.0 = Debug|Any CPU
		{61EDAB5C-A0F2-42DE-89D6-5122E008FD7A}.Release|Any CPU.ActiveCfg = Release|Any CPU
		{61EDAB5C-A0F2-42DE-89D6-5122E008FD7A}.Release|Any CPU.Build.0 = Release|Any CPU
		{453E670D-6D5D-4599-98A8-642A1F7744DF}.Debug|Any CPU.ActiveCfg = Debug|Any CPU
		{453E670D-6D5D-4599-98A8-642A1F7744DF}.Debug|Any CPU.Build.0 = Debug|Any CPU
		{453E670D-6D5D-4599-98A8-642A1F7744DF}.Release|Any CPU.ActiveCfg = Release|Any CPU
		{453E670D-6D5D-4599-98A8-642A1F7744DF}.Release|Any CPU.Build.0 = Release|Any CPU
		{A8924F92-90A4-453D-A161-BE3BC21C44B6}.Debug|Any CPU.ActiveCfg = Debug|Any CPU
		{A8924F92-90A4-453D-A161-BE3BC21C44B6}.Debug|Any CPU.Build.0 = Debug|Any CPU
		{A8924F92-90A4-453D-A161-BE3BC21C44B6}.Release|Any CPU.ActiveCfg = Release|Any CPU
		{A8924F92-90A4-453D-A161-BE3BC21C44B6}.Release|Any CPU.Build.0 = Release|Any CPU
		{F242AC11-26C5-4E15-9F55-8AF82DBBD4A6}.Debug|Any CPU.ActiveCfg = Debug|Any CPU
		{F242AC11-26C5-4E15-9F55-8AF82DBBD4A6}.Debug|Any CPU.Build.0 = Debug|Any CPU
		{F242AC11-26C5-4E15-9F55-8AF82DBBD4A6}.Release|Any CPU.ActiveCfg = Release|Any CPU
		{F242AC11-26C5-4E15-9F55-8AF82DBBD4A6}.Release|Any CPU.Build.0 = Release|Any CPU
		{3A22F4E6-90BE-4F89-B231-3D6B36EDD6D1}.Debug|Any CPU.ActiveCfg = Debug|Any CPU
		{3A22F4E6-90BE-4F89-B231-3D6B36EDD6D1}.Debug|Any CPU.Build.0 = Debug|Any CPU
		{3A22F4E6-90BE-4F89-B231-3D6B36EDD6D1}.Release|Any CPU.ActiveCfg = Release|Any CPU
		{3A22F4E6-90BE-4F89-B231-3D6B36EDD6D1}.Release|Any CPU.Build.0 = Release|Any CPU
		{9445B08E-66A7-4630-94DA-8AEA1CEF4E07}.Debug|Any CPU.ActiveCfg = Debug|Any CPU
		{9445B08E-66A7-4630-94DA-8AEA1CEF4E07}.Debug|Any CPU.Build.0 = Debug|Any CPU
		{9445B08E-66A7-4630-94DA-8AEA1CEF4E07}.Release|Any CPU.ActiveCfg = Release|Any CPU
		{9445B08E-66A7-4630-94DA-8AEA1CEF4E07}.Release|Any CPU.Build.0 = Release|Any CPU
		{BEBE1DE1-8808-4391-9942-210883B2DDDF}.Debug|Any CPU.ActiveCfg = Debug|Any CPU
		{BEBE1DE1-8808-4391-9942-210883B2DDDF}.Debug|Any CPU.Build.0 = Debug|Any CPU
		{BEBE1DE1-8808-4391-9942-210883B2DDDF}.Release|Any CPU.ActiveCfg = Release|Any CPU
		{BEBE1DE1-8808-4391-9942-210883B2DDDF}.Release|Any CPU.Build.0 = Release|Any CPU
		{57F20CFF-6B08-4CB9-AF13-6A871F14DCC0}.Debug|Any CPU.ActiveCfg = Debug|Any CPU
		{57F20CFF-6B08-4CB9-AF13-6A871F14DCC0}.Debug|Any CPU.Build.0 = Debug|Any CPU
		{57F20CFF-6B08-4CB9-AF13-6A871F14DCC0}.Release|Any CPU.ActiveCfg = Release|Any CPU
		{57F20CFF-6B08-4CB9-AF13-6A871F14DCC0}.Release|Any CPU.Build.0 = Release|Any CPU
		{40DD7E9C-FD27-4C62-9A1B-D26BF6A094D2}.Debug|Any CPU.ActiveCfg = Debug|Any CPU
		{40DD7E9C-FD27-4C62-9A1B-D26BF6A094D2}.Debug|Any CPU.Build.0 = Debug|Any CPU
		{40DD7E9C-FD27-4C62-9A1B-D26BF6A094D2}.Release|Any CPU.ActiveCfg = Release|Any CPU
		{40DD7E9C-FD27-4C62-9A1B-D26BF6A094D2}.Release|Any CPU.Build.0 = Release|Any CPU
		{946C07FA-C5EB-4B60-9018-56E18FC6C8EC}.Debug|Any CPU.ActiveCfg = Debug|Any CPU
		{946C07FA-C5EB-4B60-9018-56E18FC6C8EC}.Debug|Any CPU.Build.0 = Debug|Any CPU
		{946C07FA-C5EB-4B60-9018-56E18FC6C8EC}.Release|Any CPU.ActiveCfg = Release|Any CPU
		{946C07FA-C5EB-4B60-9018-56E18FC6C8EC}.Release|Any CPU.Build.0 = Release|Any CPU
		{62801B73-64ED-44C2-BCB0-B934BB3A5B17}.Debug|Any CPU.ActiveCfg = Debug|Any CPU
		{62801B73-64ED-44C2-BCB0-B934BB3A5B17}.Debug|Any CPU.Build.0 = Debug|Any CPU
		{62801B73-64ED-44C2-BCB0-B934BB3A5B17}.Release|Any CPU.ActiveCfg = Release|Any CPU
		{62801B73-64ED-44C2-BCB0-B934BB3A5B17}.Release|Any CPU.Build.0 = Release|Any CPU
	EndGlobalSection
EndGlobal
